
Microsoft Visual Studio Solution File, Format Version 12.00
# Visual Studio Version 17
VisualStudioVersion = 17.3.32929.385
MinimumVisualStudioVersion = 10.0.40219.1
Project("{8BC9CEB8-8B4A-11D0-8D11-00A0C91BC942}") = "WinAPIhome", "WinAPIhome\WinAPIhome.vcxproj", "{AC5E934D-4478-4249-88F9-FD0CCEEC6CFE}"
EndProject
Global
	GlobalSection(SolutionConfigurationPlatforms) = preSolution
		Debug|x64 = Debug|x64
		Debug|x86 = Debug|x86
		Release|x64 = Release|x64
		Release|x86 = Release|x86
	EndGlobalSection
	GlobalSection(ProjectConfigurationPlatforms) = postSolution
		{AC5E934D-4478-4249-88F9-FD0CCEEC6CFE}.Debug|x64.ActiveCfg = Debug|x64
		{AC5E934D-4478-4249-88F9-FD0CCEEC6CFE}.Debug|x64.Build.0 = Debug|x64
		{AC5E934D-4478-4249-88F9-FD0CCEEC6CFE}.Debug|x86.ActiveCfg = Debug|Win32
		{AC5E934D-4478-4249-88F9-FD0CCEEC6CFE}.Debug|x86.Build.0 = Debug|Win32
		{AC5E934D-4478-4249-88F9-FD0CCEEC6CFE}.Release|x64.ActiveCfg = Release|x64
		{AC5E934D-4478-4249-88F9-FD0CCEEC6CFE}.Release|x64.Build.0 = Release|x64
		{AC5E934D-4478-4249-88F9-FD0CCEEC6CFE}.Release|x86.ActiveCfg = Release|Win32
		{AC5E934D-4478-4249-88F9-FD0CCEEC6CFE}.Release|x86.Build.0 = Release|Win32
	EndGlobalSection
	GlobalSection(SolutionProperties) = preSolution
		HideSolutionNode = FALSE
	EndGlobalSection
	GlobalSection(ExtensibilityGlobals) = postSolution
		SolutionGuid = {BDA99A3D-570C-4C9C-A21D-AA3EB7DED045}
	EndGlobalSection
EndGlobal
